
Microsoft Visual Studio Solution File, Format Version 12.00
# Visual Studio 15
VisualStudioVersion = 15.0.28307.960
MinimumVisualStudioVersion = 10.0.40219.1
Project("{9A19103F-16F7-4668-BE54-9A1E7A4F7556}") = "HRInventories", "HRInventories\HRInventories.csproj", "{A7A369C0-CBE9-430E-8E46-9FA70C4EDC27}"
EndProject
Global
	GlobalSection(SolutionConfigurationPlatforms) = preSolution
		Debug|Any CPU = Debug|Any CPU
		Release|Any CPU = Release|Any CPU
	EndGlobalSection
	GlobalSection(ProjectConfigurationPlatforms) = postSolution
		{A7A369C0-CBE9-430E-8E46-9FA70C4EDC27}.Debug|Any CPU.ActiveCfg = Debug|Any CPU
		{A7A369C0-CBE9-430E-8E46-9FA70C4EDC27}.Debug|Any CPU.Build.0 = Debug|Any CPU
		{A7A369C0-CBE9-430E-8E46-9FA70C4EDC27}.Release|Any CPU.ActiveCfg = Release|Any CPU
		{A7A369C0-CBE9-430E-8E46-9FA70C4EDC27}.Release|Any CPU.Build.0 = Release|Any CPU
	EndGlobalSection
	GlobalSection(SolutionProperties) = preSolution
		HideSolutionNode = FALSE
	EndGlobalSection
	GlobalSection(ExtensibilityGlobals) = postSolution
		SolutionGuid = {A10C6911-5211-4CCB-9481-303DAB8245FA}
	EndGlobalSection
EndGlobal
